
Microsoft Visual Studio Solution File, Format Version 12.00
# Visual Studio Version 17
VisualStudioVersion = 17.8.34408.163
MinimumVisualStudioVersion = 10.0.40219.1
Project("{FAE04EC0-301F-11D3-BF4B-00C04F79EFBC}") = "GAguirreExamen", "GAguirreExamen.csproj", "{CD806B77-66C5-49EE-9DAE-8D85C3330BAD}"
EndProject
Global
	GlobalSection(SolutionConfigurationPlatforms) = preSolution
		Debug|Any CPU = Debug|Any CPU
		Release|Any CPU = Release|Any CPU
	EndGlobalSection
	GlobalSection(ProjectConfigurationPlatforms) = postSolution
		{CD806B77-66C5-49EE-9DAE-8D85C3330BAD}.Debug|Any CPU.ActiveCfg = Debug|Any CPU
		{CD806B77-66C5-49EE-9DAE-8D85C3330BAD}.Debug|Any CPU.Build.0 = Debug|Any CPU
		{CD806B77-66C5-49EE-9DAE-8D85C3330BAD}.Debug|Any CPU.Deploy.0 = Debug|Any CPU
		{CD806B77-66C5-49EE-9DAE-8D85C3330BAD}.Release|Any CPU.ActiveCfg = Release|Any CPU
		{CD806B77-66C5-49EE-9DAE-8D85C3330BAD}.Release|Any CPU.Build.0 = Release|Any CPU
		{CD806B77-66C5-49EE-9DAE-8D85C3330BAD}.Release|Any CPU.Deploy.0 = Release|Any CPU
	EndGlobalSection
	GlobalSection(SolutionProperties) = preSolution
		HideSolutionNode = FALSE
	EndGlobalSection
	GlobalSection(ExtensibilityGlobals) = postSolution
		SolutionGuid = {EC9A1F69-CD8D-464B-876F-8ED72D531E24}
	EndGlobalSection
EndGlobal
